%{
  "redix": {:hex, :redix, "0.11.1", "cc3c8c938f9fcc98f31162d088131ffbebbe68e5b21c8a3dd4967f8812f8a97a", [:mix], [{:castore, "~> 0.1.0", [hex: :castore, repo: "hexpm", optional: true]}, {:telemetry, "~> 0.4.0", [hex: :telemetry, repo: "hexpm", optional: false]}], "hexpm", "9593ab0f6f39efbfb2d49634ee215297723ff614bba89fdfa7414f3cbb74a17e"},
  "telemetry": {:hex, :telemetry, "0.4.2", "2808c992455e08d6177322f14d3bdb6b625fbcfd233a73505870d8738a2f4599", [:rebar3], [], "hexpm", "2d1419bd9dda6a206d7b5852179511722e2b18812310d304620c7bd92a13fcef"},
}
